// !$*UTF8*$!
{
	archiveVersion = 1;
	classes = {
	};
	objectVersion = 46;
	objects = {

/* Begin PBXBuildFile section */
		360486EF16F7C15100D968D8 /* SEUtility.h in Headers */ = {isa = PBXBuildFile; fileRef = 360486ED16F7C15100D968D8 /* SEUtility.h */; };
		360486F016F7C15100D968D8 /* SEUtility.m in Sources */ = {isa = PBXBuildFile; fileRef = 360486EE16F7C15100D968D8 /* SEUtility.m */; };
		360609C316F5657600BADCDE /* SEError.h in Headers */ = {isa = PBXBuildFile; fileRef = 360609C116F5657600BADCDE /* SEError.h */; settings = {ATTRIBUTES = (Public, ); }; };
		360609C416F5657600BADCDE /* SEError.m in Sources */ = {isa = PBXBuildFile; fileRef = 360609C216F5657600BADCDE /* SEError.m */; };
		36A03F9116FA0F2A00F61F08 /* NSData+Base64.h in Headers */ = {isa = PBXBuildFile; fileRef = 36A03F8F16FA0F2A00F61F08 /* NSData+Base64.h */; };
		36A03F9216FA0F2A00F61F08 /* NSData+Base64.m in Sources */ = {isa = PBXBuildFile; fileRef = 36A03F9016FA0F2A00F61F08 /* NSData+Base64.m */; };
		36A5B25C16F8EFAE00AB30AF /* SEJsonWireClient.h in Headers */ = {isa = PBXBuildFile; fileRef = 36A5B25A16F8EFAE00AB30AF /* SEJsonWireClient.h */; settings = {ATTRIBUTES = (Public, ); }; };
		36A5B25D16F8EFAE00AB30AF /* SEJsonWireClient.m in Sources */ = {isa = PBXBuildFile; fileRef = 36A5B25B16F8EFAE00AB30AF /* SEJsonWireClient.m */; };
		36BB380516F268C2003A46FD /* Cocoa.framework in Frameworks */ = {isa = PBXBuildFile; fileRef = 36BB380416F268C2003A46FD /* Cocoa.framework */; };
		36BB380F16F268C2003A46FD /* InfoPlist.strings in Resources */ = {isa = PBXBuildFile; fileRef = 36BB380D16F268C2003A46FD /* InfoPlist.strings */; };
		36BB381B16F268C2003A46FD /* SenTestingKit.framework in Frameworks */ = {isa = PBXBuildFile; fileRef = 36BB381A16F268C2003A46FD /* SenTestingKit.framework */; };
		36BB381C16F268C2003A46FD /* Cocoa.framework in Frameworks */ = {isa = PBXBuildFile; fileRef = 36BB380416F268C2003A46FD /* Cocoa.framework */; };
		36BB381F16F268C2003A46FD /* Selenium.framework in Frameworks */ = {isa = PBXBuildFile; fileRef = 36BB380116F268C2003A46FD /* Selenium.framework */; };
		36BB382516F268C2003A46FD /* InfoPlist.strings in Resources */ = {isa = PBXBuildFile; fileRef = 36BB382316F268C2003A46FD /* InfoPlist.strings */; };
		36BB382816F268C2003A46FD /* SeleniumTests.m in Sources */ = {isa = PBXBuildFile; fileRef = 36BB382716F268C2003A46FD /* SeleniumTests.m */; };
		36BB383516F26907003A46FD /* SERemoteWebDriver.h in Headers */ = {isa = PBXBuildFile; fileRef = 36BB383316F26907003A46FD /* SERemoteWebDriver.h */; settings = {ATTRIBUTES = (Public, ); }; };
		36BB383616F26907003A46FD /* SERemoteWebDriver.m in Sources */ = {isa = PBXBuildFile; fileRef = 36BB383416F26907003A46FD /* SERemoteWebDriver.m */; };
		36BB383916F26926003A46FD /* SECapabilities.h in Headers */ = {isa = PBXBuildFile; fileRef = 36BB383716F26926003A46FD /* SECapabilities.h */; settings = {ATTRIBUTES = (Public, ); }; };
		36BB383A16F26926003A46FD /* SECapabilities.m in Sources */ = {isa = PBXBuildFile; fileRef = 36BB383816F26926003A46FD /* SECapabilities.m */; };
		36BB383D16F26945003A46FD /* SESession.h in Headers */ = {isa = PBXBuildFile; fileRef = 36BB383B16F26945003A46FD /* SESession.h */; settings = {ATTRIBUTES = (Public, ); }; };
		36BB383E16F26945003A46FD /* SESession.m in Sources */ = {isa = PBXBuildFile; fileRef = 36BB383C16F26945003A46FD /* SESession.m */; };
		36BB384116F26951003A46FD /* SEStatus.h in Headers */ = {isa = PBXBuildFile; fileRef = 36BB383F16F26951003A46FD /* SEStatus.h */; settings = {ATTRIBUTES = (Public, ); }; };
		36BB384216F26951003A46FD /* SEStatus.m in Sources */ = {isa = PBXBuildFile; fileRef = 36BB384016F26951003A46FD /* SEStatus.m */; };
		36C3AFA216F9379C000E73C6 /* SEEnums.h in Headers */ = {isa = PBXBuildFile; fileRef = 36C3AFA016F9379C000E73C6 /* SEEnums.h */; settings = {ATTRIBUTES = (Public, ); }; };
		36C3AFA316F9379C000E73C6 /* SEEnums.m in Sources */ = {isa = PBXBuildFile; fileRef = 36C3AFA116F9379C000E73C6 /* SEEnums.m */; };
		36F3D75216F7DFE700A5DD70 /* SEBy.h in Headers */ = {isa = PBXBuildFile; fileRef = 36F3D75016F7DFE700A5DD70 /* SEBy.h */; settings = {ATTRIBUTES = (Public, ); }; };
		36F3D75316F7DFE700A5DD70 /* SEBy.m in Sources */ = {isa = PBXBuildFile; fileRef = 36F3D75116F7DFE700A5DD70 /* SEBy.m */; };
		36F3D75616F7E39100A5DD70 /* SEWebElement.h in Headers */ = {isa = PBXBuildFile; fileRef = 36F3D75416F7E39100A5DD70 /* SEWebElement.h */; settings = {ATTRIBUTES = (Public, ); }; };
		36F3D75716F7E39100A5DD70 /* SEWebElement.m in Sources */ = {isa = PBXBuildFile; fileRef = 36F3D75516F7E39100A5DD70 /* SEWebElement.m */; };
		6B93026317011246003F4CFF /* SELocation.h in Headers */ = {isa = PBXBuildFile; fileRef = 6B93026217011246003F4CFF /* SELocation.h */; settings = {ATTRIBUTES = (Public, ); }; };
		6B93026517011418003F4CFF /* SELocation.m in Sources */ = {isa = PBXBuildFile; fileRef = 6B93026417011418003F4CFF /* SELocation.m */; };
/* End PBXBuildFile section */

/* Begin PBXContainerItemProxy section */
		36BB381D16F268C2003A46FD /* PBXContainerItemProxy */ = {
			isa = PBXContainerItemProxy;
			containerPortal = 36BB37F816F268C2003A46FD /* Project object */;
			proxyType = 1;
			remoteGlobalIDString = 36BB380016F268C2003A46FD;
			remoteInfo = Selenium;
		};
/* End PBXContainerItemProxy section */

/* Begin PBXFileReference section */
		360486ED16F7C15100D968D8 /* SEUtility.h */ = {isa = PBXFileReference; fileEncoding = 4; lastKnownFileType = sourcecode.c.h; path = SEUtility.h; sourceTree = "<group>"; };
		360486EE16F7C15100D968D8 /* SEUtility.m */ = {isa = PBXFileReference; fileEncoding = 4; lastKnownFileType = sourcecode.c.objc; path = SEUtility.m; sourceTree = "<group>"; };
		360609C116F5657600BADCDE /* SEError.h */ = {isa = PBXFileReference; fileEncoding = 4; lastKnownFileType = sourcecode.c.h; path = SEError.h; sourceTree = "<group>"; };
		360609C216F5657600BADCDE /* SEError.m */ = {isa = PBXFileReference; fileEncoding = 4; lastKnownFileType = sourcecode.c.objc; path = SEError.m; sourceTree = "<group>"; };
		36A03F8F16FA0F2A00F61F08 /* NSData+Base64.h */ = {isa = PBXFileReference; fileEncoding = 4; lastKnownFileType = sourcecode.c.h; path = "NSData+Base64.h"; sourceTree = "<group>"; };
		36A03F9016FA0F2A00F61F08 /* NSData+Base64.m */ = {isa = PBXFileReference; fileEncoding = 4; lastKnownFileType = sourcecode.c.objc; path = "NSData+Base64.m"; sourceTree = "<group>"; };
		36A5B25A16F8EFAE00AB30AF /* SEJsonWireClient.h */ = {isa = PBXFileReference; fileEncoding = 4; lastKnownFileType = sourcecode.c.h; path = SEJsonWireClient.h; sourceTree = "<group>"; };
		36A5B25B16F8EFAE00AB30AF /* SEJsonWireClient.m */ = {isa = PBXFileReference; fileEncoding = 4; lastKnownFileType = sourcecode.c.objc; path = SEJsonWireClient.m; sourceTree = "<group>"; };
		36BB380116F268C2003A46FD /* Selenium.framework */ = {isa = PBXFileReference; explicitFileType = wrapper.framework; includeInIndex = 0; path = Selenium.framework; sourceTree = BUILT_PRODUCTS_DIR; };
		36BB380416F268C2003A46FD /* Cocoa.framework */ = {isa = PBXFileReference; lastKnownFileType = wrapper.framework; name = Cocoa.framework; path = System/Library/Frameworks/Cocoa.framework; sourceTree = SDKROOT; };
		36BB380716F268C2003A46FD /* AppKit.framework */ = {isa = PBXFileReference; lastKnownFileType = wrapper.framework; name = AppKit.framework; path = System/Library/Frameworks/AppKit.framework; sourceTree = SDKROOT; };
		36BB380816F268C2003A46FD /* CoreData.framework */ = {isa = PBXFileReference; lastKnownFileType = wrapper.framework; name = CoreData.framework; path = System/Library/Frameworks/CoreData.framework; sourceTree = SDKROOT; };
		36BB380916F268C2003A46FD /* Foundation.framework */ = {isa = PBXFileReference; lastKnownFileType = wrapper.framework; name = Foundation.framework; path = System/Library/Frameworks/Foundation.framework; sourceTree = SDKROOT; };
		36BB380C16F268C2003A46FD /* Selenium-Info.plist */ = {isa = PBXFileReference; lastKnownFileType = text.plist.xml; path = "Selenium-Info.plist"; sourceTree = "<group>"; };
		36BB380E16F268C2003A46FD /* en */ = {isa = PBXFileReference; lastKnownFileType = text.plist.strings; name = en; path = en.lproj/InfoPlist.strings; sourceTree = "<group>"; };
		36BB381016F268C2003A46FD /* Selenium-Prefix.pch */ = {isa = PBXFileReference; lastKnownFileType = sourcecode.c.h; path = "Selenium-Prefix.pch"; sourceTree = "<group>"; };
		36BB381916F268C2003A46FD /* SeleniumTests.octest */ = {isa = PBXFileReference; explicitFileType = wrapper.cfbundle; includeInIndex = 0; path = SeleniumTests.octest; sourceTree = BUILT_PRODUCTS_DIR; };
		36BB381A16F268C2003A46FD /* SenTestingKit.framework */ = {isa = PBXFileReference; lastKnownFileType = wrapper.framework; name = SenTestingKit.framework; path = Library/Frameworks/SenTestingKit.framework; sourceTree = DEVELOPER_DIR; };
		36BB382216F268C2003A46FD /* SeleniumTests-Info.plist */ = {isa = PBXFileReference; lastKnownFileType = text.plist.xml; path = "SeleniumTests-Info.plist"; sourceTree = "<group>"; };
		36BB382416F268C2003A46FD /* en */ = {isa = PBXFileReference; lastKnownFileType = text.plist.strings; name = en; path = en.lproj/InfoPlist.strings; sourceTree = "<group>"; };
		36BB382616F268C2003A46FD /* SeleniumTests.h */ = {isa = PBXFileReference; lastKnownFileType = sourcecode.c.h; path = SeleniumTests.h; sourceTree = "<group>"; };
		36BB382716F268C2003A46FD /* SeleniumTests.m */ = {isa = PBXFileReference; lastKnownFileType = sourcecode.c.objc; path = SeleniumTests.m; sourceTree = "<group>"; };
		36BB383316F26907003A46FD /* SERemoteWebDriver.h */ = {isa = PBXFileReference; fileEncoding = 4; lastKnownFileType = sourcecode.c.h; path = SERemoteWebDriver.h; sourceTree = "<group>"; };
		36BB383416F26907003A46FD /* SERemoteWebDriver.m */ = {isa = PBXFileReference; fileEncoding = 4; lastKnownFileType = sourcecode.c.objc; path = SERemoteWebDriver.m; sourceTree = "<group>"; };
		36BB383716F26926003A46FD /* SECapabilities.h */ = {isa = PBXFileReference; fileEncoding = 4; lastKnownFileType = sourcecode.c.h; path = SECapabilities.h; sourceTree = "<group>"; };
		36BB383816F26926003A46FD /* SECapabilities.m */ = {isa = PBXFileReference; fileEncoding = 4; lastKnownFileType = sourcecode.c.objc; path = SECapabilities.m; sourceTree = "<group>"; };
		36BB383B16F26945003A46FD /* SESession.h */ = {isa = PBXFileReference; fileEncoding = 4; lastKnownFileType = sourcecode.c.h; path = SESession.h; sourceTree = "<group>"; };
		36BB383C16F26945003A46FD /* SESession.m */ = {isa = PBXFileReference; fileEncoding = 4; lastKnownFileType = sourcecode.c.objc; path = SESession.m; sourceTree = "<group>"; };
		36BB383F16F26951003A46FD /* SEStatus.h */ = {isa = PBXFileReference; fileEncoding = 4; lastKnownFileType = sourcecode.c.h; path = SEStatus.h; sourceTree = "<group>"; };
		36BB384016F26951003A46FD /* SEStatus.m */ = {isa = PBXFileReference; fileEncoding = 4; lastKnownFileType = sourcecode.c.objc; path = SEStatus.m; sourceTree = "<group>"; };
		36C3AFA016F9379C000E73C6 /* SEEnums.h */ = {isa = PBXFileReference; fileEncoding = 4; lastKnownFileType = sourcecode.c.h; path = SEEnums.h; sourceTree = "<group>"; };
		36C3AFA116F9379C000E73C6 /* SEEnums.m */ = {isa = PBXFileReference; fileEncoding = 4; lastKnownFileType = sourcecode.c.objc; path = SEEnums.m; sourceTree = "<group>"; };
		36F3D75016F7DFE700A5DD70 /* SEBy.h */ = {isa = PBXFileReference; fileEncoding = 4; lastKnownFileType = sourcecode.c.h; path = SEBy.h; sourceTree = "<group>"; };
		36F3D75116F7DFE700A5DD70 /* SEBy.m */ = {isa = PBXFileReference; fileEncoding = 4; lastKnownFileType = sourcecode.c.objc; path = SEBy.m; sourceTree = "<group>"; };
		36F3D75416F7E39100A5DD70 /* SEWebElement.h */ = {isa = PBXFileReference; fileEncoding = 4; lastKnownFileType = sourcecode.c.h; path = SEWebElement.h; sourceTree = "<group>"; };
		36F3D75516F7E39100A5DD70 /* SEWebElement.m */ = {isa = PBXFileReference; fileEncoding = 4; lastKnownFileType = sourcecode.c.objc; path = SEWebElement.m; sourceTree = "<group>"; };
		6B93026217011246003F4CFF /* SELocation.h */ = {isa = PBXFileReference; fileEncoding = 4; lastKnownFileType = sourcecode.c.h; path = SELocation.h; sourceTree = "<group>"; };
		6B93026417011418003F4CFF /* SELocation.m */ = {isa = PBXFileReference; fileEncoding = 4; lastKnownFileType = sourcecode.c.objc; path = SELocation.m; sourceTree = "<group>"; };
/* End PBXFileReference section */

/* Begin PBXFrameworksBuildPhase section */
		36BB37FD16F268C2003A46FD /* Frameworks */ = {
			isa = PBXFrameworksBuildPhase;
			buildActionMask = 2147483647;
			files = (
				36BB380516F268C2003A46FD /* Cocoa.framework in Frameworks */,
			);
			runOnlyForDeploymentPostprocessing = 0;
		};
		36BB381516F268C2003A46FD /* Frameworks */ = {
			isa = PBXFrameworksBuildPhase;
			buildActionMask = 2147483647;
			files = (
				36BB381B16F268C2003A46FD /* SenTestingKit.framework in Frameworks */,
				36BB381C16F268C2003A46FD /* Cocoa.framework in Frameworks */,
				36BB381F16F268C2003A46FD /* Selenium.framework in Frameworks */,
			);
			runOnlyForDeploymentPostprocessing = 0;
		};
/* End PBXFrameworksBuildPhase section */

/* Begin PBXGroup section */
		36A03F8E16FA0F1A00F61F08 /* External */ = {
			isa = PBXGroup;
			children = (
				36A03F8F16FA0F2A00F61F08 /* NSData+Base64.h */,
				36A03F9016FA0F2A00F61F08 /* NSData+Base64.m */,
			);
			name = External;
			sourceTree = "<group>";
		};
		36A5B25916F8EF8F00AB30AF /* WebDriver */ = {
			isa = PBXGroup;
			children = (
				36A5B25A16F8EFAE00AB30AF /* SEJsonWireClient.h */,
				36A5B25B16F8EFAE00AB30AF /* SEJsonWireClient.m */,
				36BB383316F26907003A46FD /* SERemoteWebDriver.h */,
				36BB383416F26907003A46FD /* SERemoteWebDriver.m */,
			);
			name = WebDriver;
			sourceTree = "<group>";
		};
		36BB37F716F268C2003A46FD = {
			isa = PBXGroup;
			children = (
				36BB380A16F268C2003A46FD /* Selenium */,
				36BB382016F268C2003A46FD /* SeleniumTests */,
				36BB380316F268C2003A46FD /* Frameworks */,
				36BB380216F268C2003A46FD /* Products */,
			);
			sourceTree = "<group>";
		};
		36BB380216F268C2003A46FD /* Products */ = {
			isa = PBXGroup;
			children = (
				36BB380116F268C2003A46FD /* Selenium.framework */,
				36BB381916F268C2003A46FD /* SeleniumTests.octest */,
			);
			name = Products;
			sourceTree = "<group>";
		};
		36BB380316F268C2003A46FD /* Frameworks */ = {
			isa = PBXGroup;
			children = (
				36BB380416F268C2003A46FD /* Cocoa.framework */,
				36BB381A16F268C2003A46FD /* SenTestingKit.framework */,
				36BB380616F268C2003A46FD /* Other Frameworks */,
			);
			name = Frameworks;
			sourceTree = "<group>";
		};
		36BB380616F268C2003A46FD /* Other Frameworks */ = {
			isa = PBXGroup;
			children = (
				36BB380716F268C2003A46FD /* AppKit.framework */,
				36BB380816F268C2003A46FD /* CoreData.framework */,
				36BB380916F268C2003A46FD /* Foundation.framework */,
			);
			name = "Other Frameworks";
			sourceTree = "<group>";
		};
		36BB380A16F268C2003A46FD /* Selenium */ = {
			isa = PBXGroup;
			children = (
				36A03F8E16FA0F1A00F61F08 /* External */,
				36BB383116F268EF003A46FD /* Types */,
				36BB384316F2695D003A46FD /* Utility */,
				36A5B25916F8EF8F00AB30AF /* WebDriver */,
				36BB380B16F268C2003A46FD /* Supporting Files */,
			);
			path = Selenium;
			sourceTree = "<group>";
		};
		36BB380B16F268C2003A46FD /* Supporting Files */ = {
			isa = PBXGroup;
			children = (
				36BB380C16F268C2003A46FD /* Selenium-Info.plist */,
				36BB380D16F268C2003A46FD /* InfoPlist.strings */,
				36BB381016F268C2003A46FD /* Selenium-Prefix.pch */,
			);
			name = "Supporting Files";
			sourceTree = "<group>";
		};
		36BB382016F268C2003A46FD /* SeleniumTests */ = {
			isa = PBXGroup;
			children = (
				36BB382616F268C2003A46FD /* SeleniumTests.h */,
				36BB382716F268C2003A46FD /* SeleniumTests.m */,
				36BB382116F268C2003A46FD /* Supporting Files */,
			);
			path = SeleniumTests;
			sourceTree = "<group>";
		};
		36BB382116F268C2003A46FD /* Supporting Files */ = {
			isa = PBXGroup;
			children = (
				36BB382216F268C2003A46FD /* SeleniumTests-Info.plist */,
				36BB382316F268C2003A46FD /* InfoPlist.strings */,
			);
			name = "Supporting Files";
			sourceTree = "<group>";
		};
		36BB383116F268EF003A46FD /* Types */ = {
			isa = PBXGroup;
			children = (
				36F3D75016F7DFE700A5DD70 /* SEBy.h */,
				36F3D75116F7DFE700A5DD70 /* SEBy.m */,
				36BB383B16F26945003A46FD /* SESession.h */,
				36BB383C16F26945003A46FD /* SESession.m */,
				6B93026217011246003F4CFF /* SELocation.h */,
				6B93026417011418003F4CFF /* SELocation.m */,
				36BB383F16F26951003A46FD /* SEStatus.h */,
				36BB384016F26951003A46FD /* SEStatus.m */,
				36BB383716F26926003A46FD /* SECapabilities.h */,
				36BB383816F26926003A46FD /* SECapabilities.m */,
				36C3AFA016F9379C000E73C6 /* SEEnums.h */,
				36C3AFA116F9379C000E73C6 /* SEEnums.m */,
				360609C116F5657600BADCDE /* SEError.h */,
				360609C216F5657600BADCDE /* SEError.m */,
				36F3D75416F7E39100A5DD70 /* SEWebElement.h */,
				36F3D75516F7E39100A5DD70 /* SEWebElement.m */,
			);
			name = Types;
			sourceTree = "<group>";
		};
		36BB384316F2695D003A46FD /* Utility */ = {
			isa = PBXGroup;
			children = (
				360486ED16F7C15100D968D8 /* SEUtility.h */,
				360486EE16F7C15100D968D8 /* SEUtility.m */,
			);
			name = Utility;
			sourceTree = "<group>";
		};
/* End PBXGroup section */

/* Begin PBXHeadersBuildPhase section */
		36BB37FE16F268C2003A46FD /* Headers */ = {
			isa = PBXHeadersBuildPhase;
			buildActionMask = 2147483647;
			files = (
				36BB383516F26907003A46FD /* SERemoteWebDriver.h in Headers */,
				36BB383916F26926003A46FD /* SECapabilities.h in Headers */,
				36BB383D16F26945003A46FD /* SESession.h in Headers */,
				36BB384116F26951003A46FD /* SEStatus.h in Headers */,
				360609C316F5657600BADCDE /* SEError.h in Headers */,
				36F3D75216F7DFE700A5DD70 /* SEBy.h in Headers */,
				36F3D75616F7E39100A5DD70 /* SEWebElement.h in Headers */,
				36C3AFA216F9379C000E73C6 /* SEEnums.h in Headers */,
				36A5B25C16F8EFAE00AB30AF /* SEJsonWireClient.h in Headers */,
				6B93026317011246003F4CFF /* SELocation.h in Headers */,
				360486EF16F7C15100D968D8 /* SEUtility.h in Headers */,
				36A03F9116FA0F2A00F61F08 /* NSData+Base64.h in Headers */,
			);
			runOnlyForDeploymentPostprocessing = 0;
		};
/* End PBXHeadersBuildPhase section */

/* Begin PBXNativeTarget section */
		36BB380016F268C2003A46FD /* Selenium */ = {
			isa = PBXNativeTarget;
			buildConfigurationList = 36BB382B16F268C2003A46FD /* Build configuration list for PBXNativeTarget "Selenium" */;
			buildPhases = (
				36BB37FC16F268C2003A46FD /* Sources */,
				36BB37FD16F268C2003A46FD /* Frameworks */,
				36BB37FE16F268C2003A46FD /* Headers */,
				36BB37FF16F268C2003A46FD /* Resources */,
			);
			buildRules = (
			);
			dependencies = (
			);
			name = Selenium;
			productName = Selenium;
			productReference = 36BB380116F268C2003A46FD /* Selenium.framework */;
			productType = "com.apple.product-type.framework";
		};
		36BB381816F268C2003A46FD /* SeleniumTests */ = {
			isa = PBXNativeTarget;
			buildConfigurationList = 36BB382E16F268C2003A46FD /* Build configuration list for PBXNativeTarget "SeleniumTests" */;
			buildPhases = (
				36BB381416F268C2003A46FD /* Sources */,
				36BB381516F268C2003A46FD /* Frameworks */,
				36BB381616F268C2003A46FD /* Resources */,
				36BB381716F268C2003A46FD /* ShellScript */,
			);
			buildRules = (
			);
			dependencies = (
				36BB381E16F268C2003A46FD /* PBXTargetDependency */,
			);
			name = SeleniumTests;
			productName = SeleniumTests;
			productReference = 36BB381916F268C2003A46FD /* SeleniumTests.octest */;
			productType = "com.apple.product-type.bundle";
		};
/* End PBXNativeTarget section */

/* Begin PBXProject section */
		36BB37F816F268C2003A46FD /* Project object */ = {
			isa = PBXProject;
			attributes = {
				LastUpgradeCheck = 0460;
				ORGANIZATIONNAME = Appium;
			};
			buildConfigurationList = 36BB37FB16F268C2003A46FD /* Build configuration list for PBXProject "Selenium" */;
			compatibilityVersion = "Xcode 3.2";
			developmentRegion = English;
			hasScannedForEncodings = 0;
			knownRegions = (
				en,
			);
			mainGroup = 36BB37F716F268C2003A46FD;
			productRefGroup = 36BB380216F268C2003A46FD /* Products */;
			projectDirPath = "";
			projectRoot = "";
			targets = (
				36BB380016F268C2003A46FD /* Selenium */,
				36BB381816F268C2003A46FD /* SeleniumTests */,
			);
		};
/* End PBXProject section */

/* Begin PBXResourcesBuildPhase section */
		36BB37FF16F268C2003A46FD /* Resources */ = {
			isa = PBXResourcesBuildPhase;
			buildActionMask = 2147483647;
			files = (
				36BB380F16F268C2003A46FD /* InfoPlist.strings in Resources */,
			);
			runOnlyForDeploymentPostprocessing = 0;
		};
		36BB381616F268C2003A46FD /* Resources */ = {
			isa = PBXResourcesBuildPhase;
			buildActionMask = 2147483647;
			files = (
				36BB382516F268C2003A46FD /* InfoPlist.strings in Resources */,
			);
			runOnlyForDeploymentPostprocessing = 0;
		};
/* End PBXResourcesBuildPhase section */

/* Begin PBXShellScriptBuildPhase section */
		36BB381716F268C2003A46FD /* ShellScript */ = {
			isa = PBXShellScriptBuildPhase;
			buildActionMask = 2147483647;
			files = (
			);
			inputPaths = (
			);
			outputPaths = (
			);
			runOnlyForDeploymentPostprocessing = 0;
			shellPath = /bin/sh;
			shellScript = "# Run the unit tests in this test bundle.\n\"${SYSTEM_DEVELOPER_DIR}/Tools/RunUnitTests\"\n";
		};
/* End PBXShellScriptBuildPhase section */

/* Begin PBXSourcesBuildPhase section */
		36BB37FC16F268C2003A46FD /* Sources */ = {
			isa = PBXSourcesBuildPhase;
			buildActionMask = 2147483647;
			files = (
				36BB383616F26907003A46FD /* SERemoteWebDriver.m in Sources */,
				36BB383A16F26926003A46FD /* SECapabilities.m in Sources */,
				36BB383E16F26945003A46FD /* SESession.m in Sources */,
				36BB384216F26951003A46FD /* SEStatus.m in Sources */,
				360609C416F5657600BADCDE /* SEError.m in Sources */,
				360486F016F7C15100D968D8 /* SEUtility.m in Sources */,
				36F3D75316F7DFE700A5DD70 /* SEBy.m in Sources */,
				36F3D75716F7E39100A5DD70 /* SEWebElement.m in Sources */,
				36A5B25D16F8EFAE00AB30AF /* SEJsonWireClient.m in Sources */,
				36C3AFA316F9379C000E73C6 /* SEEnums.m in Sources */,
				36A03F9216FA0F2A00F61F08 /* NSData+Base64.m in Sources */,
				6B93026517011418003F4CFF /* SELocation.m in Sources */,
			);
			runOnlyForDeploymentPostprocessing = 0;
		};
		36BB381416F268C2003A46FD /* Sources */ = {
			isa = PBXSourcesBuildPhase;
			buildActionMask = 2147483647;
			files = (
				36BB382816F268C2003A46FD /* SeleniumTests.m in Sources */,
			);
			runOnlyForDeploymentPostprocessing = 0;
		};
/* End PBXSourcesBuildPhase section */

/* Begin PBXTargetDependency section */
		36BB381E16F268C2003A46FD /* PBXTargetDependency */ = {
			isa = PBXTargetDependency;
			target = 36BB380016F268C2003A46FD /* Selenium */;
			targetProxy = 36BB381D16F268C2003A46FD /* PBXContainerItemProxy */;
		};
/* End PBXTargetDependency section */

/* Begin PBXVariantGroup section */
		36BB380D16F268C2003A46FD /* InfoPlist.strings */ = {
			isa = PBXVariantGroup;
			children = (
				36BB380E16F268C2003A46FD /* en */,
			);
			name = InfoPlist.strings;
			sourceTree = "<group>";
		};
		36BB382316F268C2003A46FD /* InfoPlist.strings */ = {
			isa = PBXVariantGroup;
			children = (
				36BB382416F268C2003A46FD /* en */,
			);
			name = InfoPlist.strings;
			sourceTree = "<group>";
		};
/* End PBXVariantGroup section */

/* Begin XCBuildConfiguration section */
		36BB382916F268C2003A46FD /* Debug */ = {
			isa = XCBuildConfiguration;
			buildSettings = {
				ALWAYS_SEARCH_USER_PATHS = NO;
				ARCHS = "$(ARCHS_STANDARD_64_BIT)";
				CLANG_CXX_LANGUAGE_STANDARD = "gnu++0x";
				CLANG_CXX_LIBRARY = "libc++";
				CLANG_ENABLE_OBJC_ARC = YES;
				CLANG_WARN_CONSTANT_CONVERSION = YES;
				CLANG_WARN_EMPTY_BODY = YES;
				CLANG_WARN_ENUM_CONVERSION = YES;
				CLANG_WARN_INT_CONVERSION = YES;
				CLANG_WARN__DUPLICATE_METHOD_MATCH = YES;
				COPY_PHASE_STRIP = NO;
				GCC_C_LANGUAGE_STANDARD = gnu99;
				GCC_DYNAMIC_NO_PIC = NO;
				GCC_ENABLE_OBJC_EXCEPTIONS = YES;
				GCC_OPTIMIZATION_LEVEL = 0;
				GCC_PREPROCESSOR_DEFINITIONS = (
					"DEBUG=1",
					"$(inherited)",
				);
				GCC_SYMBOLS_PRIVATE_EXTERN = NO;
				GCC_WARN_64_TO_32_BIT_CONVERSION = YES;
				GCC_WARN_ABOUT_RETURN_TYPE = YES;
				GCC_WARN_UNINITIALIZED_AUTOS = YES;
				GCC_WARN_UNUSED_VARIABLE = YES;
				MACOSX_DEPLOYMENT_TARGET = 10.7;
				ONLY_ACTIVE_ARCH = YES;
				SDKROOT = macosx10.7;
			};
			name = Debug;
		};
		36BB382A16F268C2003A46FD /* Release */ = {
			isa = XCBuildConfiguration;
			buildSettings = {
				ALWAYS_SEARCH_USER_PATHS = NO;
				ARCHS = "$(ARCHS_STANDARD_64_BIT)";
				CLANG_CXX_LANGUAGE_STANDARD = "gnu++0x";
				CLANG_CXX_LIBRARY = "libc++";
				CLANG_ENABLE_OBJC_ARC = YES;
				CLANG_WARN_CONSTANT_CONVERSION = YES;
				CLANG_WARN_EMPTY_BODY = YES;
				CLANG_WARN_ENUM_CONVERSION = YES;
				CLANG_WARN_INT_CONVERSION = YES;
				CLANG_WARN__DUPLICATE_METHOD_MATCH = YES;
				COPY_PHASE_STRIP = YES;
				DEBUG_INFORMATION_FORMAT = "dwarf-with-dsym";
				GCC_C_LANGUAGE_STANDARD = gnu99;
				GCC_ENABLE_OBJC_EXCEPTIONS = YES;
				GCC_WARN_64_TO_32_BIT_CONVERSION = YES;
				GCC_WARN_ABOUT_RETURN_TYPE = YES;
				GCC_WARN_UNINITIALIZED_AUTOS = YES;
				GCC_WARN_UNUSED_VARIABLE = YES;
				MACOSX_DEPLOYMENT_TARGET = 10.7;
				SDKROOT = macosx10.7;
			};
			name = Release;
		};
		36BB382C16F268C2003A46FD /* Debug */ = {
			isa = XCBuildConfiguration;
			buildSettings = {
				COMBINE_HIDPI_IMAGES = YES;
				DYLIB_COMPATIBILITY_VERSION = 1;
				DYLIB_CURRENT_VERSION = 1;
				FRAMEWORK_VERSION = A;
				GCC_PRECOMPILE_PREFIX_HEADER = YES;
				GCC_PREFIX_HEADER = "Selenium/Selenium-Prefix.pch";
				INFOPLIST_FILE = "Selenium/Selenium-Info.plist";
				INSTALL_PATH = "@executable_path/../Frameworks";
				PRODUCT_NAME = "$(TARGET_NAME)";
				SDKROOT = macosx10.8;
				WRAPPER_EXTENSION = framework;
			};
			name = Debug;
		};
		36BB382D16F268C2003A46FD /* Release */ = {
			isa = XCBuildConfiguration;
			buildSettings = {
				COMBINE_HIDPI_IMAGES = YES;
				DYLIB_COMPATIBILITY_VERSION = 1;
				DYLIB_CURRENT_VERSION = 1;
				FRAMEWORK_VERSION = A;
				GCC_PRECOMPILE_PREFIX_HEADER = YES;
				GCC_PREFIX_HEADER = "Selenium/Selenium-Prefix.pch";
				INFOPLIST_FILE = "Selenium/Selenium-Info.plist";
				INSTALL_PATH = "@executable_path/../Frameworks";
				PRODUCT_NAME = "$(TARGET_NAME)";
				SDKROOT = macosx10.8;
				WRAPPER_EXTENSION = framework;
			};
			name = Release;
		};
		36BB382F16F268C2003A46FD /* Debug */ = {
			isa = XCBuildConfiguration;
			buildSettings = {
				COMBINE_HIDPI_IMAGES = YES;
				FRAMEWORK_SEARCH_PATHS = "\"$(DEVELOPER_LIBRARY_DIR)/Frameworks\"";
				GCC_PRECOMPILE_PREFIX_HEADER = YES;
				GCC_PREFIX_HEADER = "Selenium/Selenium-Prefix.pch";
				INFOPLIST_FILE = "SeleniumTests/SeleniumTests-Info.plist";
				PRODUCT_NAME = "$(TARGET_NAME)";
				WRAPPER_EXTENSION = octest;
			};
			name = Debug;
		};
		36BB383016F268C2003A46FD /* Release */ = {
			isa = XCBuildConfiguration;
			buildSettings = {
				COMBINE_HIDPI_IMAGES = YES;
				FRAMEWORK_SEARCH_PATHS = "\"$(DEVELOPER_LIBRARY_DIR)/Frameworks\"";
				GCC_PRECOMPILE_PREFIX_HEADER = YES;
				GCC_PREFIX_HEADER = "Selenium/Selenium-Prefix.pch";
				INFOPLIST_FILE = "SeleniumTests/SeleniumTests-Info.plist";
				PRODUCT_NAME = "$(TARGET_NAME)";
				WRAPPER_EXTENSION = octest;
			};
			name = Release;
		};
/* End XCBuildConfiguration section */

/* Begin XCConfigurationList section */
		36BB37FB16F268C2003A46FD /* Build configuration list for PBXProject "Selenium" */ = {
			isa = XCConfigurationList;
			buildConfigurations = (
				36BB382916F268C2003A46FD /* Debug */,
				36BB382A16F268C2003A46FD /* Release */,
			);
			defaultConfigurationIsVisible = 0;
			defaultConfigurationName = Release;
		};
		36BB382B16F268C2003A46FD /* Build configuration list for PBXNativeTarget "Selenium" */ = {
			isa = XCConfigurationList;
			buildConfigurations = (
				36BB382C16F268C2003A46FD /* Debug */,
				36BB382D16F268C2003A46FD /* Release */,
			);
			defaultConfigurationIsVisible = 0;
			defaultConfigurationName = Release;
		};
		36BB382E16F268C2003A46FD /* Build configuration list for PBXNativeTarget "SeleniumTests" */ = {
			isa = XCConfigurationList;
			buildConfigurations = (
				36BB382F16F268C2003A46FD /* Debug */,
				36BB383016F268C2003A46FD /* Release */,
			);
			defaultConfigurationIsVisible = 0;
			defaultConfigurationName = Release;
		};
/* End XCConfigurationList section */
	};
	rootObject = 36BB37F816F268C2003A46FD /* Project object */;
}
